{
  "name": "app for covnerting",
  "version": "1.0.0",
  "lockfileVersion": 1,
  "requires": true,
  "dependencies": {
    "whiz-object-serialize": {
      "version": "1.0.4",
      "resolved": "https://registry.npmjs.org/whiz-object-serialize/-/whiz-object-serialize-1.0.4.tgz",
      "integrity": "sha512-dB/rbjyZOU04HEPAtNvo+8meTKTdpzuKOTS/ZW3+SEM7maKcj/Z8H/MLJR/hxjF1qidgeS1NgbeAR/IEJWzsgg=="
    }
  }
}
